
Microsoft Visual Studio Solution File, Format Version 12.00
# Visual Studio Version 16
VisualStudioVersion = 16.0.29123.88
MinimumVisualStudioVersion = 10.0.40219.1
Project("{FAE04EC0-301F-11D3-BF4B-00C04F79EFBC}") = "PerformanceEngineeringExamples", "PerformanceEngineeringExamples\PerformanceEngineeringExamples.csproj", "{449BDF7E-9B84-4EBE-9BA2-1415DE0795EC}"
EndProject
Global
	GlobalSection(SolutionConfigurationPlatforms) = preSolution
		Debug|Any CPU = Debug|Any CPU
		Release|Any CPU = Release|Any CPU
	EndGlobalSection
	GlobalSection(ProjectConfigurationPlatforms) = postSolution
		{449BDF7E-9B84-4EBE-9BA2-1415DE0795EC}.Debug|Any CPU.ActiveCfg = Debug|Any CPU
		{449BDF7E-9B84-4EBE-9BA2-1415DE0795EC}.Debug|Any CPU.Build.0 = Debug|Any CPU
		{449BDF7E-9B84-4EBE-9BA2-1415DE0795EC}.Release|Any CPU.ActiveCfg = Release|Any CPU
		{449BDF7E-9B84-4EBE-9BA2-1415DE0795EC}.Release|Any CPU.Build.0 = Release|Any CPU
	EndGlobalSection
	GlobalSection(SolutionProperties) = preSolution
		HideSolutionNode = FALSE
	EndGlobalSection
	GlobalSection(ExtensibilityGlobals) = postSolution
		SolutionGuid = {FF358B7C-DA82-4925-B8D2-543AD7A0E258}
	EndGlobalSection
EndGlobal
